
Microsoft Visual Studio Solution File, Format Version 12.00
# Visual Studio Version 16
VisualStudioVersion = 16.0.31112.23
MinimumVisualStudioVersion = 10.0.40219.1
Project("{9A19103F-16F7-4668-BE54-9A1E7A4F7556}") = "Diary", "Diary\Diary.csproj", "{BE14823A-5EBC-4A8E-ABB6-391CA06DF73E}"
EndProject
Project("{9A19103F-16F7-4668-BE54-9A1E7A4F7556}") = "Diary.Models", "Diary.Models\Diary.Models.csproj", "{044134FF-3990-46B5-8B44-659B11A7A57D}"
EndProject
Project("{9A19103F-16F7-4668-BE54-9A1E7A4F7556}") = "Diary.Services", "Diary.Services\Diary.Services.csproj", "{049926CC-7181-40A4-B669-F97741C97E7E}"
EndProject
Global
	GlobalSection(SolutionConfigurationPlatforms) = preSolution
		Debug|Any CPU = Debug|Any CPU
		Release|Any CPU = Release|Any CPU
	EndGlobalSection
	GlobalSection(ProjectConfigurationPlatforms) = postSolution
		{BE14823A-5EBC-4A8E-ABB6-391CA06DF73E}.Debug|Any CPU.ActiveCfg = Debug|Any CPU
		{BE14823A-5EBC-4A8E-ABB6-391CA06DF73E}.Debug|Any CPU.Build.0 = Debug|Any CPU
		{BE14823A-5EBC-4A8E-ABB6-391CA06DF73E}.Release|Any CPU.ActiveCfg = Release|Any CPU
		{BE14823A-5EBC-4A8E-ABB6-391CA06DF73E}.Release|Any CPU.Build.0 = Release|Any CPU
		{044134FF-3990-46B5-8B44-659B11A7A57D}.Debug|Any CPU.ActiveCfg = Debug|Any CPU
		{044134FF-3990-46B5-8B44-659B11A7A57D}.Debug|Any CPU.Build.0 = Debug|Any CPU
		{044134FF-3990-46B5-8B44-659B11A7A57D}.Release|Any CPU.ActiveCfg = Release|Any CPU
		{044134FF-3990-46B5-8B44-659B11A7A57D}.Release|Any CPU.Build.0 = Release|Any CPU
		{049926CC-7181-40A4-B669-F97741C97E7E}.Debug|Any CPU.ActiveCfg = Debug|Any CPU
		{049926CC-7181-40A4-B669-F97741C97E7E}.Debug|Any CPU.Build.0 = Debug|Any CPU
		{049926CC-7181-40A4-B669-F97741C97E7E}.Release|Any CPU.ActiveCfg = Release|Any CPU
		{049926CC-7181-40A4-B669-F97741C97E7E}.Release|Any CPU.Build.0 = Release|Any CPU
	EndGlobalSection
	GlobalSection(SolutionProperties) = preSolution
		HideSolutionNode = FALSE
	EndGlobalSection
	GlobalSection(ExtensibilityGlobals) = postSolution
		SolutionGuid = {ADCF3AD5-1B98-44D4-839B-E2A0D5E0EB8F}
	EndGlobalSection
EndGlobal
